
Microsoft Visual Studio Solution File, Format Version 12.00
# Visual Studio Version 16
VisualStudioVersion = 16.0.30517.126
MinimumVisualStudioVersion = 10.0.40219.1
Project("{9A19103F-16F7-4668-BE54-9A1E7A4F7556}") = "ConsoleUI", "ConsoleUI\ConsoleUI.csproj", "{6767B767-69AE-4CD0-9CF7-A1E488C10F90}"
EndProject
Project("{FAE04EC0-301F-11D3-BF4B-00C04F79EFBC}") = "SoundPlayer", "SoundPlayer\SoundPlayer.csproj", "{6A78BF3B-5DCD-427B-AB05-53CE50C4AD83}"
EndProject
Global
	GlobalSection(SolutionConfigurationPlatforms) = preSolution
		Debug|Any CPU = Debug|Any CPU
		Release|Any CPU = Release|Any CPU
	EndGlobalSection
	GlobalSection(ProjectConfigurationPlatforms) = postSolution
		{6767B767-69AE-4CD0-9CF7-A1E488C10F90}.Debug|Any CPU.ActiveCfg = Debug|Any CPU
		{6767B767-69AE-4CD0-9CF7-A1E488C10F90}.Debug|Any CPU.Build.0 = Debug|Any CPU
		{6767B767-69AE-4CD0-9CF7-A1E488C10F90}.Release|Any CPU.ActiveCfg = Release|Any CPU
		{6767B767-69AE-4CD0-9CF7-A1E488C10F90}.Release|Any CPU.Build.0 = Release|Any CPU
		{6A78BF3B-5DCD-427B-AB05-53CE50C4AD83}.Debug|Any CPU.ActiveCfg = Debug|Any CPU
		{6A78BF3B-5DCD-427B-AB05-53CE50C4AD83}.Debug|Any CPU.Build.0 = Debug|Any CPU
		{6A78BF3B-5DCD-427B-AB05-53CE50C4AD83}.Release|Any CPU.ActiveCfg = Release|Any CPU
		{6A78BF3B-5DCD-427B-AB05-53CE50C4AD83}.Release|Any CPU.Build.0 = Release|Any CPU
	EndGlobalSection
	GlobalSection(SolutionProperties) = preSolution
		HideSolutionNode = FALSE
	EndGlobalSection
	GlobalSection(ExtensibilityGlobals) = postSolution
		SolutionGuid = {03AA6130-F299-4F7D-A3D3-468928E41720}
	EndGlobalSection
EndGlobal
